PODS:
  - EFIntroVideoViewController (0.1.0)

DEPENDENCIES:
  - EFIntroVideoViewController (from `../`)

EXTERNAL SOURCES:
  EFIntroVideoViewController:
    :path: ../

SPEC CHECKSUMS:
  EFIntroVideoViewController: 0e65089188c50ea0cf26a73326aed97acad870ca

PODFILE CHECKSUM: 9bef487d2295e9f3f29df2e00d80c33cebb9fe0b

COCOAPODS: 1.0.1
